
Microsoft Visual Studio Solution File, Format Version 12.00
# Visual Studio Express 2012 for Windows Desktop
Project("{F184B08F-C81C-45F6-A57F-5ABD9991F28F}") = "Nissan", "Nissan\Nissan.vbproj", "{9DCCC1D7-7414-411C-84E2-E787CE6E6692}"
EndProject
Global
	GlobalSection(SolutionConfigurationPlatforms) = preSolution
		Debug|Any CPU = Debug|Any CPU
		Release|Any CPU = Release|Any CPU
	EndGlobalSection
	GlobalSection(ProjectConfigurationPlatforms) = postSolution
		{9DCCC1D7-7414-411C-84E2-E787CE6E6692}.Debug|Any CPU.ActiveCfg = Debug|Any CPU
		{9DCCC1D7-7414-411C-84E2-E787CE6E6692}.Debug|Any CPU.Build.0 = Debug|Any CPU
		{9DCCC1D7-7414-411C-84E2-E787CE6E6692}.Release|Any CPU.ActiveCfg = Release|Any CPU
		{9DCCC1D7-7414-411C-84E2-E787CE6E6692}.Release|Any CPU.Build.0 = Release|Any CPU
	EndGlobalSection
	GlobalSection(SolutionProperties) = preSolution
		HideSolutionNode = FALSE
	EndGlobalSection
EndGlobal
